
Microsoft Visual Studio Solution File, Format Version 12.00
# Visual Studio Version 17
VisualStudioVersion = 17.5.33414.496
MinimumVisualStudioVersion = 10.0.40219.1
Project("{FAE04EC0-301F-11D3-BF4B-00C04F79EFBC}") = "ViaCep", "ViaCep\ViaCep.csproj", "{FACFF613-E906-427A-9DE7-D26F77A516FA}"
EndProject
Global
	GlobalSection(SolutionConfigurationPlatforms) = preSolution
		Debug|Any CPU = Debug|Any CPU
		Release|Any CPU = Release|Any CPU
	EndGlobalSection
	GlobalSection(ProjectConfigurationPlatforms) = postSolution
		{FACFF613-E906-427A-9DE7-D26F77A516FA}.Debug|Any CPU.ActiveCfg = Debug|Any CPU
		{FACFF613-E906-427A-9DE7-D26F77A516FA}.Debug|Any CPU.Build.0 = Debug|Any CPU
		{FACFF613-E906-427A-9DE7-D26F77A516FA}.Release|Any CPU.ActiveCfg = Release|Any CPU
		{FACFF613-E906-427A-9DE7-D26F77A516FA}.Release|Any CPU.Build.0 = Release|Any CPU
	EndGlobalSection
	GlobalSection(SolutionProperties) = preSolution
		HideSolutionNode = FALSE
	EndGlobalSection
	GlobalSection(ExtensibilityGlobals) = postSolution
		SolutionGuid = {A207461F-045A-4DFE-A3DC-D7C798D2368B}
	EndGlobalSection
EndGlobal
